
Microsoft Visual Studio Solution File, Format Version 12.00
# Visual Studio Version 17
VisualStudioVersion = 17.5.33530.505
MinimumVisualStudioVersion = 10.0.40219.1
Project("{FAE04EC0-301F-11D3-BF4B-00C04F79EFBC}") = "FinalAssignment", "FinalAssignment\FinalAssignment.csproj", "{70026F9B-82C2-4990-9FB6-3DB261024973}"
EndProject
Global
	GlobalSection(SolutionConfigurationPlatforms) = preSolution
		Debug|Any CPU = Debug|Any CPU
		Release|Any CPU = Release|Any CPU
	EndGlobalSection
	GlobalSection(ProjectConfigurationPlatforms) = postSolution
		{70026F9B-82C2-4990-9FB6-3DB261024973}.Debug|Any CPU.ActiveCfg = Debug|Any CPU
		{70026F9B-82C2-4990-9FB6-3DB261024973}.Debug|Any CPU.Build.0 = Debug|Any CPU
		{70026F9B-82C2-4990-9FB6-3DB261024973}.Release|Any CPU.ActiveCfg = Release|Any CPU
		{70026F9B-82C2-4990-9FB6-3DB261024973}.Release|Any CPU.Build.0 = Release|Any CPU
	EndGlobalSection
	GlobalSection(SolutionProperties) = preSolution
		HideSolutionNode = FALSE
	EndGlobalSection
	GlobalSection(ExtensibilityGlobals) = postSolution
		SolutionGuid = {BA976907-E2BE-4B7E-B088-3C9DB574B213}
	EndGlobalSection
EndGlobal
