
Microsoft Visual Studio Solution File, Format Version 12.00
# Visual Studio Version 17
VisualStudioVersion = 17.5.33530.505
MinimumVisualStudioVersion = 10.0.40219.1
Project("{FAE04EC0-301F-11D3-BF4B-00C04F79EFBC}") = "Snackenbar", "Snackenbar\Snackenbar.csproj", "{4FF92652-4A8E-4338-A32F-886F029EC145}"
EndProject
Global
	GlobalSection(SolutionConfigurationPlatforms) = preSolution
		Debug|Any CPU = Debug|Any CPU
		Release|Any CPU = Release|Any CPU
	EndGlobalSection
	GlobalSection(ProjectConfigurationPlatforms) = postSolution
		{4FF92652-4A8E-4338-A32F-886F029EC145}.Debug|Any CPU.ActiveCfg = Debug|Any CPU
		{4FF92652-4A8E-4338-A32F-886F029EC145}.Debug|Any CPU.Build.0 = Debug|Any CPU
		{4FF92652-4A8E-4338-A32F-886F029EC145}.Release|Any CPU.ActiveCfg = Release|Any CPU
		{4FF92652-4A8E-4338-A32F-886F029EC145}.Release|Any CPU.Build.0 = Release|Any CPU
	EndGlobalSection
	GlobalSection(SolutionProperties) = preSolution
		HideSolutionNode = FALSE
	EndGlobalSection
	GlobalSection(ExtensibilityGlobals) = postSolution
		SolutionGuid = {466C0DB7-30B7-48BD-A38C-43852812CBA7}
	EndGlobalSection
EndGlobal
